
Microsoft Visual Studio Solution File, Format Version 11.00
# Visual Studio 2010
Project("{FAE04EC0-301F-11D3-BF4B-00C04F79EFBC}") = "Entities", "Entities\Entities.csproj", "{AC3D427A-B2F7-4973-B975-6BCF522358B3}"
EndProject
Project("{FAE04EC0-301F-11D3-BF4B-00C04F79EFBC}") = "DataSourceLayer", "DataSourceLayer\DataSourceLayer.csproj", "{6E871981-7F57-4CE8-8374-9B139A690D6B}"
EndProject
Project("{2150E333-8FDC-42A3-9474-1A3956D46DE8}") = "Additional", "Additional", "{6E4E3BF3-C8CE-4621-8FAE-43057EF60EB8}"
	ProjectSection(SolutionItems) = preProject
		Notes.txt = Notes.txt
		StoredProcedure.sql = StoredProcedure.sql
		Triggers.sql = Triggers.sql
	EndProjectSection
EndProject
Project("{FAE04EC0-301F-11D3-BF4B-00C04F79EFBC}") = "ServerSideExceptionHandler", "ServerSideExceptionHandler\ServerSideExceptionHandler.csproj", "{98E57650-2ED0-43FA-9239-17A7BE7CB477}"
EndProject
Project("{FAE04EC0-301F-11D3-BF4B-00C04F79EFBC}") = "DBService", "DBService\DBService.csproj", "{4846A902-46B6-4F66-8ECB-CF8D899EBCA0}"
EndProject
Project("{FAE04EC0-301F-11D3-BF4B-00C04F79EFBC}") = "SelfHostedService", "SelfHostedService\SelfHostedService.csproj", "{400DB89C-4E22-4B9E-81D9-771221D815A9}"
EndProject
Project("{FAE04EC0-301F-11D3-BF4B-00C04F79EFBC}") = "TestProject1", "TestProject1\TestProject1.csproj", "{34D7A37A-0149-4E6A-B22A-75D2FBDEB00F}"
EndProject
Project("{2150E333-8FDC-42A3-9474-1A3956D46DE8}") = "Solution Items", "Solution Items", "{0080381D-61CA-4E70-A345-A37CE10E0FED}"
	ProjectSection(SolutionItems) = preProject
		Local.testsettings = Local.testsettings
		Messenger1.vsmdi = Messenger1.vsmdi
		TraceAndTestImpact.testsettings = TraceAndTestImpact.testsettings
	EndProjectSection
EndProject
Project("{FAE04EC0-301F-11D3-BF4B-00C04F79EFBC}") = "WPFClient", "WPFClient\WPFClient.csproj", "{A9BC93EE-7CB4-4CD6-AC9D-6155624703E5}"
EndProject
Project("{FAE04EC0-301F-11D3-BF4B-00C04F79EFBC}") = "ClientSideExceptionHandler", "ClientSideExceptionHandler\ClientSideExceptionHandler.csproj", "{D64F05FA-768F-4092-86BD-59F754CEA632}"
EndProject
Project("{FAE04EC0-301F-11D3-BF4B-00C04F79EFBC}") = "InformatonTips", "InformatonTips\InformatonTips.csproj", "{739F2E4F-96EB-488B-866A-E35648A0FE9B}"
EndProject
Project("{FAE04EC0-301F-11D3-BF4B-00C04F79EFBC}") = "SpecialWords", "SpecialSymbols\SpecialWords.csproj", "{9C424B52-282C-4625-A39E-E890A68AFA65}"
EndProject
Project("{FAE04EC0-301F-11D3-BF4B-00C04F79EFBC}") = "ServiceInterface", "ServiceInterface\ServiceInterface.csproj", "{2227403A-548B-4789-938F-C26CDA772605}"
EndProject
Project("{FAE04EC0-301F-11D3-BF4B-00C04F79EFBC}") = "EFDataSourceLayer", "EFDataSourceLayer\EFDataSourceLayer.csproj", "{609EFCE5-E2C2-4B45-991C-2734A40A502B}"
EndProject
Global
	GlobalSection(TestCaseManagementSettings) = postSolution
		CategoryFile = Messenger1.vsmdi
	EndGlobalSection
	GlobalSection(SolutionConfigurationPlatforms) = preSolution
		Debug|Any CPU = Debug|Any CPU
		Debug|Mixed Platforms = Debug|Mixed Platforms
		Debug|x86 = Debug|x86
		Release|Any CPU = Release|Any CPU
		Release|Mixed Platforms = Release|Mixed Platforms
		Release|x86 = Release|x86
	EndGlobalSection
	GlobalSection(ProjectConfigurationPlatforms) = postSolution
		{AC3D427A-B2F7-4973-B975-6BCF522358B3}.Debug|Any CPU.ActiveCfg = Debug|Any CPU
		{AC3D427A-B2F7-4973-B975-6BCF522358B3}.Debug|Any CPU.Build.0 = Debug|Any CPU
		{AC3D427A-B2F7-4973-B975-6BCF522358B3}.Debug|Mixed Platforms.ActiveCfg = Debug|Any CPU
		{AC3D427A-B2F7-4973-B975-6BCF522358B3}.Debug|Mixed Platforms.Build.0 = Debug|Any CPU
		{AC3D427A-B2F7-4973-B975-6BCF522358B3}.Debug|x86.ActiveCfg = Debug|Any CPU
		{AC3D427A-B2F7-4973-B975-6BCF522358B3}.Release|Any CPU.ActiveCfg = Release|Any CPU
		{AC3D427A-B2F7-4973-B975-6BCF522358B3}.Release|Any CPU.Build.0 = Release|Any CPU
		{AC3D427A-B2F7-4973-B975-6BCF522358B3}.Release|Mixed Platforms.ActiveCfg = Release|Any CPU
		{AC3D427A-B2F7-4973-B975-6BCF522358B3}.Release|Mixed Platforms.Build.0 = Release|Any CPU
		{AC3D427A-B2F7-4973-B975-6BCF522358B3}.Release|x86.ActiveCfg = Release|Any CPU
		{6E871981-7F57-4CE8-8374-9B139A690D6B}.Debug|Any CPU.ActiveCfg = Debug|Any CPU
		{6E871981-7F57-4CE8-8374-9B139A690D6B}.Debug|Any CPU.Build.0 = Debug|Any CPU
		{6E871981-7F57-4CE8-8374-9B139A690D6B}.Debug|Mixed Platforms.ActiveCfg = Debug|Any CPU
		{6E871981-7F57-4CE8-8374-9B139A690D6B}.Debug|Mixed Platforms.Build.0 = Debug|Any CPU
		{6E871981-7F57-4CE8-8374-9B139A690D6B}.Debug|x86.ActiveCfg = Debug|Any CPU
		{6E871981-7F57-4CE8-8374-9B139A690D6B}.Release|Any CPU.ActiveCfg = Release|Any CPU
		{6E871981-7F57-4CE8-8374-9B139A690D6B}.Release|Any CPU.Build.0 = Release|Any CPU
		{6E871981-7F57-4CE8-8374-9B139A690D6B}.Release|Mixed Platforms.ActiveCfg = Release|Any CPU
		{6E871981-7F57-4CE8-8374-9B139A690D6B}.Release|Mixed Platforms.Build.0 = Release|Any CPU
		{6E871981-7F57-4CE8-8374-9B139A690D6B}.Release|x86.ActiveCfg = Release|Any CPU
		{98E57650-2ED0-43FA-9239-17A7BE7CB477}.Debug|Any CPU.ActiveCfg = Debug|Any CPU
		{98E57650-2ED0-43FA-9239-17A7BE7CB477}.Debug|Any CPU.Build.0 = Debug|Any CPU
		{98E57650-2ED0-43FA-9239-17A7BE7CB477}.Debug|Mixed Platforms.ActiveCfg = Debug|Any CPU
		{98E57650-2ED0-43FA-9239-17A7BE7CB477}.Debug|Mixed Platforms.Build.0 = Debug|Any CPU
		{98E57650-2ED0-43FA-9239-17A7BE7CB477}.Debug|x86.ActiveCfg = Debug|Any CPU
		{98E57650-2ED0-43FA-9239-17A7BE7CB477}.Release|Any CPU.ActiveCfg = Release|Any CPU
		{98E57650-2ED0-43FA-9239-17A7BE7CB477}.Release|Any CPU.Build.0 = Release|Any CPU
		{98E57650-2ED0-43FA-9239-17A7BE7CB477}.Release|Mixed Platforms.ActiveCfg = Release|Any CPU
		{98E57650-2ED0-43FA-9239-17A7BE7CB477}.Release|Mixed Platforms.Build.0 = Release|Any CPU
		{98E57650-2ED0-43FA-9239-17A7BE7CB477}.Release|x86.ActiveCfg = Release|Any CPU
		{4846A902-46B6-4F66-8ECB-CF8D899EBCA0}.Debug|Any CPU.ActiveCfg = Debug|Any CPU
		{4846A902-46B6-4F66-8ECB-CF8D899EBCA0}.Debug|Any CPU.Build.0 = Debug|Any CPU
		{4846A902-46B6-4F66-8ECB-CF8D899EBCA0}.Debug|Mixed Platforms.ActiveCfg = Debug|Any CPU
		{4846A902-46B6-4F66-8ECB-CF8D899EBCA0}.Debug|Mixed Platforms.Build.0 = Debug|Any CPU
		{4846A902-46B6-4F66-8ECB-CF8D899EBCA0}.Debug|x86.ActiveCfg = Debug|Any CPU
		{4846A902-46B6-4F66-8ECB-CF8D899EBCA0}.Release|Any CPU.ActiveCfg = Release|Any CPU
		{4846A902-46B6-4F66-8ECB-CF8D899EBCA0}.Release|Any CPU.Build.0 = Release|Any CPU
		{4846A902-46B6-4F66-8ECB-CF8D899EBCA0}.Release|Mixed Platforms.ActiveCfg = Release|Any CPU
		{4846A902-46B6-4F66-8ECB-CF8D899EBCA0}.Release|Mixed Platforms.Build.0 = Release|Any CPU
		{4846A902-46B6-4F66-8ECB-CF8D899EBCA0}.Release|x86.ActiveCfg = Release|Any CPU
		{400DB89C-4E22-4B9E-81D9-771221D815A9}.Debug|Any CPU.ActiveCfg = Debug|x86
		{400DB89C-4E22-4B9E-81D9-771221D815A9}.Debug|Mixed Platforms.ActiveCfg = Debug|x86
		{400DB89C-4E22-4B9E-81D9-771221D815A9}.Debug|Mixed Platforms.Build.0 = Debug|x86
		{400DB89C-4E22-4B9E-81D9-771221D815A9}.Debug|x86.ActiveCfg = Debug|x86
		{400DB89C-4E22-4B9E-81D9-771221D815A9}.Debug|x86.Build.0 = Debug|x86
		{400DB89C-4E22-4B9E-81D9-771221D815A9}.Release|Any CPU.ActiveCfg = Release|x86
		{400DB89C-4E22-4B9E-81D9-771221D815A9}.Release|Mixed Platforms.ActiveCfg = Release|x86
		{400DB89C-4E22-4B9E-81D9-771221D815A9}.Release|Mixed Platforms.Build.0 = Release|x86
		{400DB89C-4E22-4B9E-81D9-771221D815A9}.Release|x86.ActiveCfg = Release|x86
		{400DB89C-4E22-4B9E-81D9-771221D815A9}.Release|x86.Build.0 = Release|x86
		{34D7A37A-0149-4E6A-B22A-75D2FBDEB00F}.Debug|Any CPU.ActiveCfg = Debug|Any CPU
		{34D7A37A-0149-4E6A-B22A-75D2FBDEB00F}.Debug|Any CPU.Build.0 = Debug|Any CPU
		{34D7A37A-0149-4E6A-B22A-75D2FBDEB00F}.Debug|Mixed Platforms.ActiveCfg = Debug|Any CPU
		{34D7A37A-0149-4E6A-B22A-75D2FBDEB00F}.Debug|Mixed Platforms.Build.0 = Debug|Any CPU
		{34D7A37A-0149-4E6A-B22A-75D2FBDEB00F}.Debug|x86.ActiveCfg = Debug|Any CPU
		{34D7A37A-0149-4E6A-B22A-75D2FBDEB00F}.Release|Any CPU.ActiveCfg = Release|Any CPU
		{34D7A37A-0149-4E6A-B22A-75D2FBDEB00F}.Release|Any CPU.Build.0 = Release|Any CPU
		{34D7A37A-0149-4E6A-B22A-75D2FBDEB00F}.Release|Mixed Platforms.ActiveCfg = Release|Any CPU
		{34D7A37A-0149-4E6A-B22A-75D2FBDEB00F}.Release|Mixed Platforms.Build.0 = Release|Any CPU
		{34D7A37A-0149-4E6A-B22A-75D2FBDEB00F}.Release|x86.ActiveCfg = Release|Any CPU
		{A9BC93EE-7CB4-4CD6-AC9D-6155624703E5}.Debug|Any CPU.ActiveCfg = Debug|x86
		{A9BC93EE-7CB4-4CD6-AC9D-6155624703E5}.Debug|Mixed Platforms.ActiveCfg = Debug|x86
		{A9BC93EE-7CB4-4CD6-AC9D-6155624703E5}.Debug|Mixed Platforms.Build.0 = Debug|x86
		{A9BC93EE-7CB4-4CD6-AC9D-6155624703E5}.Debug|x86.ActiveCfg = Debug|x86
		{A9BC93EE-7CB4-4CD6-AC9D-6155624703E5}.Debug|x86.Build.0 = Debug|x86
		{A9BC93EE-7CB4-4CD6-AC9D-6155624703E5}.Release|Any CPU.ActiveCfg = Release|x86
		{A9BC93EE-7CB4-4CD6-AC9D-6155624703E5}.Release|Mixed Platforms.ActiveCfg = Release|x86
		{A9BC93EE-7CB4-4CD6-AC9D-6155624703E5}.Release|Mixed Platforms.Build.0 = Release|x86
		{A9BC93EE-7CB4-4CD6-AC9D-6155624703E5}.Release|x86.ActiveCfg = Release|x86
		{A9BC93EE-7CB4-4CD6-AC9D-6155624703E5}.Release|x86.Build.0 = Release|x86
		{D64F05FA-768F-4092-86BD-59F754CEA632}.Debug|Any CPU.ActiveCfg = Debug|Any CPU
		{D64F05FA-768F-4092-86BD-59F754CEA632}.Debug|Any CPU.Build.0 = Debug|Any CPU
		{D64F05FA-768F-4092-86BD-59F754CEA632}.Debug|Mixed Platforms.ActiveCfg = Debug|Any CPU
		{D64F05FA-768F-4092-86BD-59F754CEA632}.Debug|Mixed Platforms.Build.0 = Debug|Any CPU
		{D64F05FA-768F-4092-86BD-59F754CEA632}.Debug|x86.ActiveCfg = Debug|Any CPU
		{D64F05FA-768F-4092-86BD-59F754CEA632}.Release|Any CPU.ActiveCfg = Release|Any CPU
		{D64F05FA-768F-4092-86BD-59F754CEA632}.Release|Any CPU.Build.0 = Release|Any CPU
		{D64F05FA-768F-4092-86BD-59F754CEA632}.Release|Mixed Platforms.ActiveCfg = Release|Any CPU
		{D64F05FA-768F-4092-86BD-59F754CEA632}.Release|Mixed Platforms.Build.0 = Release|Any CPU
		{D64F05FA-768F-4092-86BD-59F754CEA632}.Release|x86.ActiveCfg = Release|Any CPU
		{739F2E4F-96EB-488B-866A-E35648A0FE9B}.Debug|Any CPU.ActiveCfg = Debug|Any CPU
		{739F2E4F-96EB-488B-866A-E35648A0FE9B}.Debug|Any CPU.Build.0 = Debug|Any CPU
		{739F2E4F-96EB-488B-866A-E35648A0FE9B}.Debug|Mixed Platforms.ActiveCfg = Debug|Any CPU
		{739F2E4F-96EB-488B-866A-E35648A0FE9B}.Debug|Mixed Platforms.Build.0 = Debug|Any CPU
		{739F2E4F-96EB-488B-866A-E35648A0FE9B}.Debug|x86.ActiveCfg = Debug|Any CPU
		{739F2E4F-96EB-488B-866A-E35648A0FE9B}.Release|Any CPU.ActiveCfg = Release|Any CPU
		{739F2E4F-96EB-488B-866A-E35648A0FE9B}.Release|Any CPU.Build.0 = Release|Any CPU
		{739F2E4F-96EB-488B-866A-E35648A0FE9B}.Release|Mixed Platforms.ActiveCfg = Release|Any CPU
		{739F2E4F-96EB-488B-866A-E35648A0FE9B}.Release|Mixed Platforms.Build.0 = Release|Any CPU
		{739F2E4F-96EB-488B-866A-E35648A0FE9B}.Release|x86.ActiveCfg = Release|Any CPU
		{9C424B52-282C-4625-A39E-E890A68AFA65}.Debug|Any CPU.ActiveCfg = Debug|Any CPU
		{9C424B52-282C-4625-A39E-E890A68AFA65}.Debug|Any CPU.Build.0 = Debug|Any CPU
		{9C424B52-282C-4625-A39E-E890A68AFA65}.Debug|Mixed Platforms.ActiveCfg = Debug|Any CPU
		{9C424B52-282C-4625-A39E-E890A68AFA65}.Debug|Mixed Platforms.Build.0 = Debug|Any CPU
		{9C424B52-282C-4625-A39E-E890A68AFA65}.Debug|x86.ActiveCfg = Debug|Any CPU
		{9C424B52-282C-4625-A39E-E890A68AFA65}.Release|Any CPU.ActiveCfg = Release|Any CPU
		{9C424B52-282C-4625-A39E-E890A68AFA65}.Release|Any CPU.Build.0 = Release|Any CPU
		{9C424B52-282C-4625-A39E-E890A68AFA65}.Release|Mixed Platforms.ActiveCfg = Release|Any CPU
		{9C424B52-282C-4625-A39E-E890A68AFA65}.Release|Mixed Platforms.Build.0 = Release|Any CPU
		{9C424B52-282C-4625-A39E-E890A68AFA65}.Release|x86.ActiveCfg = Release|Any CPU
		{2227403A-548B-4789-938F-C26CDA772605}.Debug|Any CPU.ActiveCfg = Debug|Any CPU
		{2227403A-548B-4789-938F-C26CDA772605}.Debug|Any CPU.Build.0 = Debug|Any CPU
		{2227403A-548B-4789-938F-C26CDA772605}.Debug|Mixed Platforms.ActiveCfg = Debug|Any CPU
		{2227403A-548B-4789-938F-C26CDA772605}.Debug|Mixed Platforms.Build.0 = Debug|Any CPU
		{2227403A-548B-4789-938F-C26CDA772605}.Debug|x86.ActiveCfg = Debug|Any CPU
		{2227403A-548B-4789-938F-C26CDA772605}.Release|Any CPU.ActiveCfg = Release|Any CPU
		{2227403A-548B-4789-938F-C26CDA772605}.Release|Any CPU.Build.0 = Release|Any CPU
		{2227403A-548B-4789-938F-C26CDA772605}.Release|Mixed Platforms.ActiveCfg = Release|Any CPU
		{2227403A-548B-4789-938F-C26CDA772605}.Release|Mixed Platforms.Build.0 = Release|Any CPU
		{2227403A-548B-4789-938F-C26CDA772605}.Release|x86.ActiveCfg = Release|Any CPU
		{609EFCE5-E2C2-4B45-991C-2734A40A502B}.Debug|Any CPU.ActiveCfg = Debug|Any CPU
		{609EFCE5-E2C2-4B45-991C-2734A40A502B}.Debug|Any CPU.Build.0 = Debug|Any CPU
		{609EFCE5-E2C2-4B45-991C-2734A40A502B}.Debug|Mixed Platforms.ActiveCfg = Debug|Any CPU
		{609EFCE5-E2C2-4B45-991C-2734A40A502B}.Debug|Mixed Platforms.Build.0 = Debug|Any CPU
		{609EFCE5-E2C2-4B45-991C-2734A40A502B}.Debug|x86.ActiveCfg = Debug|Any CPU
		{609EFCE5-E2C2-4B45-991C-2734A40A502B}.Release|Any CPU.ActiveCfg = Release|Any CPU
		{609EFCE5-E2C2-4B45-991C-2734A40A502B}.Release|Any CPU.Build.0 = Release|Any CPU
		{609EFCE5-E2C2-4B45-991C-2734A40A502B}.Release|Mixed Platforms.ActiveCfg = Release|Any CPU
		{609EFCE5-E2C2-4B45-991C-2734A40A502B}.Release|Mixed Platforms.Build.0 = Release|Any CPU
		{609EFCE5-E2C2-4B45-991C-2734A40A502B}.Release|x86.ActiveCfg = Release|Any CPU
	EndGlobalSection
	GlobalSection(SolutionProperties) = preSolution
		HideSolutionNode = FALSE
	EndGlobalSection
EndGlobal
